
Microsoft Visual Studio Solution File, Format Version 12.00
# Visual Studio Version 17
VisualStudioVersion = 17.2.32526.322
MinimumVisualStudioVersion = 10.0.40219.1
Project("{FAE04EC0-301F-11D3-BF4B-00C04F79EFBC}") = "EmpManagement", "EmpManagement\EmpManagement.csproj", "{5EC6EDE4-1312-40E8-ABFD-F59461CAA688}"
EndProject
Global
	GlobalSection(SolutionConfigurationPlatforms) = preSolution
		Debug|Any CPU = Debug|Any CPU
		Release|Any CPU = Release|Any CPU
	EndGlobalSection
	GlobalSection(ProjectConfigurationPlatforms) = postSolution
		{5EC6EDE4-1312-40E8-ABFD-F59461CAA688}.Debug|Any CPU.ActiveCfg = Debug|Any CPU
		{5EC6EDE4-1312-40E8-ABFD-F59461CAA688}.Debug|Any CPU.Build.0 = Debug|Any CPU
		{5EC6EDE4-1312-40E8-ABFD-F59461CAA688}.Release|Any CPU.ActiveCfg = Release|Any CPU
		{5EC6EDE4-1312-40E8-ABFD-F59461CAA688}.Release|Any CPU.Build.0 = Release|Any CPU
	EndGlobalSection
	GlobalSection(SolutionProperties) = preSolution
		HideSolutionNode = FALSE
	EndGlobalSection
	GlobalSection(ExtensibilityGlobals) = postSolution
		SolutionGuid = {65CD5A44-EBE0-4B57-86A4-3860410ECA45}
	EndGlobalSection
EndGlobal
